
Microsoft Visual Studio Solution File, Format Version 12.00
# Visual Studio Version 16
VisualStudioVersion = 16.0.31729.503
MinimumVisualStudioVersion = 10.0.40219.1
Project("{FAE04EC0-301F-11D3-BF4B-00C04F79EFBC}") = "PaycheckSim", "PaycheckSim\PaycheckSim.csproj", "{9DB16464-61D3-4C73-A0CE-4125AB4906F5}"
EndProject
Global
	GlobalSection(SolutionConfigurationPlatforms) = preSolution
		Debug|Any CPU = Debug|Any CPU
		Release|Any CPU = Release|Any CPU
	EndGlobalSection
	GlobalSection(ProjectConfigurationPlatforms) = postSolution
		{9DB16464-61D3-4C73-A0CE-4125AB4906F5}.Debug|Any CPU.ActiveCfg = Debug|Any CPU
		{9DB16464-61D3-4C73-A0CE-4125AB4906F5}.Debug|Any CPU.Build.0 = Debug|Any CPU
		{9DB16464-61D3-4C73-A0CE-4125AB4906F5}.Release|Any CPU.ActiveCfg = Release|Any CPU
		{9DB16464-61D3-4C73-A0CE-4125AB4906F5}.Release|Any CPU.Build.0 = Release|Any CPU
	EndGlobalSection
	GlobalSection(SolutionProperties) = preSolution
		HideSolutionNode = FALSE
	EndGlobalSection
	GlobalSection(ExtensibilityGlobals) = postSolution
		SolutionGuid = {FD02EAAA-9018-4BA2-9C4B-20C1D57A4C95}
	EndGlobalSection
EndGlobal
